
Microsoft Visual Studio Solution File, Format Version 12.00
# Visual Studio Version 17
VisualStudioVersion = 17.9.34622.214
MinimumVisualStudioVersion = 10.0.40219.1
Project("{FAE04EC0-301F-11D3-BF4B-00C04F79EFBC}") = "PBO-22-4", "PBO-22-4\PBO-22-4.csproj", "{05D7C7C5-1FAA-48B5-B97F-54A87F738A74}"
EndProject
Global
	GlobalSection(SolutionConfigurationPlatforms) = preSolution
		Debug|Any CPU = Debug|Any CPU
		Release|Any CPU = Release|Any CPU
	EndGlobalSection
	GlobalSection(ProjectConfigurationPlatforms) = postSolution
		{05D7C7C5-1FAA-48B5-B97F-54A87F738A74}.Debug|Any CPU.ActiveCfg = Debug|Any CPU
		{05D7C7C5-1FAA-48B5-B97F-54A87F738A74}.Debug|Any CPU.Build.0 = Debug|Any CPU
		{05D7C7C5-1FAA-48B5-B97F-54A87F738A74}.Release|Any CPU.ActiveCfg = Release|Any CPU
		{05D7C7C5-1FAA-48B5-B97F-54A87F738A74}.Release|Any CPU.Build.0 = Release|Any CPU
	EndGlobalSection
	GlobalSection(SolutionProperties) = preSolution
		HideSolutionNode = FALSE
	EndGlobalSection
	GlobalSection(ExtensibilityGlobals) = postSolution
		SolutionGuid = {89B82C19-F94B-4372-AC2B-0395D772DE0E}
	EndGlobalSection
EndGlobal
