
Microsoft Visual Studio Solution File, Format Version 12.00
# Visual Studio Version 17
VisualStudioVersion = 17.9.34616.47
MinimumVisualStudioVersion = 10.0.40219.1
Project("{FAE04EC0-301F-11D3-BF4B-00C04F79EFBC}") = "WidyaTugasPbo", "WidyaTugasPbo\WidyaTugasPbo.csproj", "{83C096C9-9B3B-4FCA-86B6-CC2D9CC10EF0}"
EndProject
Global
	GlobalSection(SolutionConfigurationPlatforms) = preSolution
		Debug|Any CPU = Debug|Any CPU
		Release|Any CPU = Release|Any CPU
	EndGlobalSection
	GlobalSection(ProjectConfigurationPlatforms) = postSolution
		{83C096C9-9B3B-4FCA-86B6-CC2D9CC10EF0}.Debug|Any CPU.ActiveCfg = Debug|Any CPU
		{83C096C9-9B3B-4FCA-86B6-CC2D9CC10EF0}.Debug|Any CPU.Build.0 = Debug|Any CPU
		{83C096C9-9B3B-4FCA-86B6-CC2D9CC10EF0}.Release|Any CPU.ActiveCfg = Release|Any CPU
		{83C096C9-9B3B-4FCA-86B6-CC2D9CC10EF0}.Release|Any CPU.Build.0 = Release|Any CPU
	EndGlobalSection
	GlobalSection(SolutionProperties) = preSolution
		HideSolutionNode = FALSE
	EndGlobalSection
	GlobalSection(ExtensibilityGlobals) = postSolution
		SolutionGuid = {46D793A5-CF96-4577-93C7-61898040DCBA}
	EndGlobalSection
EndGlobal
