
Microsoft Visual Studio Solution File, Format Version 12.00
# Visual Studio Version 17
VisualStudioVersion = 17.9.34622.214
MinimumVisualStudioVersion = 10.0.40219.1
Project("{FAE04EC0-301F-11D3-BF4B-00C04F79EFBC}") = "OnlineShop", "OnlineShop\OnlineShop.csproj", "{718107BA-FE03-4AE7-8042-D24D66B77A57}"
EndProject
Global
	GlobalSection(SolutionConfigurationPlatforms) = preSolution
		Debug|Any CPU = Debug|Any CPU
		Release|Any CPU = Release|Any CPU
	EndGlobalSection
	GlobalSection(ProjectConfigurationPlatforms) = postSolution
		{718107BA-FE03-4AE7-8042-D24D66B77A57}.Debug|Any CPU.ActiveCfg = Debug|Any CPU
		{718107BA-FE03-4AE7-8042-D24D66B77A57}.Debug|Any CPU.Build.0 = Debug|Any CPU
		{718107BA-FE03-4AE7-8042-D24D66B77A57}.Release|Any CPU.ActiveCfg = Release|Any CPU
		{718107BA-FE03-4AE7-8042-D24D66B77A57}.Release|Any CPU.Build.0 = Release|Any CPU
	EndGlobalSection
	GlobalSection(SolutionProperties) = preSolution
		HideSolutionNode = FALSE
	EndGlobalSection
	GlobalSection(ExtensibilityGlobals) = postSolution
		SolutionGuid = {0EA0C779-3D3E-4414-9599-B0A603093416}
	EndGlobalSection
EndGlobal
