
Microsoft Visual Studio Solution File, Format Version 12.00
# Visual Studio Version 17
VisualStudioVersion = 17.9.34622.214
MinimumVisualStudioVersion = 10.0.40219.1
Project("{FAE04EC0-301F-11D3-BF4B-00C04F79EFBC}") = "PboLearn2", "PboLearn2\PboLearn2.csproj", "{F5CFBD95-AA47-4517-A97B-EBB4F4105F6C}"
EndProject
Global
	GlobalSection(SolutionConfigurationPlatforms) = preSolution
		Debug|Any CPU = Debug|Any CPU
		Release|Any CPU = Release|Any CPU
	EndGlobalSection
	GlobalSection(ProjectConfigurationPlatforms) = postSolution
		{F5CFBD95-AA47-4517-A97B-EBB4F4105F6C}.Debug|Any CPU.ActiveCfg = Debug|Any CPU
		{F5CFBD95-AA47-4517-A97B-EBB4F4105F6C}.Debug|Any CPU.Build.0 = Debug|Any CPU
		{F5CFBD95-AA47-4517-A97B-EBB4F4105F6C}.Release|Any CPU.ActiveCfg = Release|Any CPU
		{F5CFBD95-AA47-4517-A97B-EBB4F4105F6C}.Release|Any CPU.Build.0 = Release|Any CPU
	EndGlobalSection
	GlobalSection(SolutionProperties) = preSolution
		HideSolutionNode = FALSE
	EndGlobalSection
	GlobalSection(ExtensibilityGlobals) = postSolution
		SolutionGuid = {1B971BC8-634C-4978-AA41-A8AEF74C2E5A}
	EndGlobalSection
EndGlobal
